{
  "name": "dummy",
  "version": "1.0.0",
  "dependencies": {
    "//": "Dummy package so patch-package can run (to create a patch file).  Add the package you want to patch, with the correct version",
    "//": "https://github.com/ds300/patch-package/issues/551",
    "dummy-package": {
      "version": "1.0.0"
    },
    "tldraw": {
      "version": "2.3.0"
    }
  }
}
